// !$*UTF8*$!
{
	archiveVersion = 1;
	classes = {
	};
	objectVersion = 55;
	objects = {

/* Begin PBXBuildFile section */
		8DC17A1828240A0400CC9144 /* AppDelegate.swift in Sources */ = {isa = PBXBuildFile; fileRef = 8DC17A1728240A0400CC9144 /* AppDelegate.swift */; };
		8DC17A1A28240A0400CC9144 /* SceneDelegate.swift in Sources */ = {isa = PBXBuildFile; fileRef = 8DC17A1928240A0400CC9144 /* SceneDelegate.swift */; };
		8DC17A1C28240A0400CC9144 /* LibraryViewController.swift in Sources */ = {isa = PBXBuildFile; fileRef = 8DC17A1B28240A0400CC9144 /* LibraryViewController.swift */; };
		8DC17A1F28240A0400CC9144 /* Main.storyboard in Resources */ = {isa = PBXBuildFile; fileRef = 8DC17A1D28240A0400CC9144 /* Main.storyboard */; };
		8DC17A2128240A0600CC9144 /* Assets.xcassets in Resources */ = {isa = PBXBuildFile; fileRef = 8DC17A2028240A0600CC9144 /* Assets.xcassets */; };
		8DC17A2428240A0600CC9144 /* LaunchScreen.storyboard in Resources */ = {isa = PBXBuildFile; fileRef = 8DC17A2228240A0600CC9144 /* LaunchScreen.storyboard */; };
		8DC17A2F28240A0600CC9144 /* ReadMeAppTests.swift in Sources */ = {isa = PBXBuildFile; fileRef = 8DC17A2E28240A0600CC9144 /* ReadMeAppTests.swift */; };
		8DC17A3928240A0600CC9144 /* ReadMeAppUITests.swift in Sources */ = {isa = PBXBuildFile; fileRef = 8DC17A3828240A0600CC9144 /* ReadMeAppUITests.swift */; };
		8DC17A3B28240A0600CC9144 /* ReadMeAppUITestsLaunchTests.swift in Sources */ = {isa = PBXBuildFile; fileRef = 8DC17A3A28240A0600CC9144 /* ReadMeAppUITestsLaunchTests.swift */; };
		8DC17A4828240BCD00CC9144 /* Book.swift in Sources */ = {isa = PBXBuildFile; fileRef = 8DC17A4728240BCD00CC9144 /* Book.swift */; };
		8DC17A4C282419AB00CC9144 /* DetailViewController.swift in Sources */ = {isa = PBXBuildFile; fileRef = 8DC17A4B282419AB00CC9144 /* DetailViewController.swift */; };
		8DC17A4E28242BEB00CC9144 /* Library.swift in Sources */ = {isa = PBXBuildFile; fileRef = 8DC17A4D28242BEB00CC9144 /* Library.swift */; };
		8DC17A512826C4AF00CC9144 /* BookCell.swift in Sources */ = {isa = PBXBuildFile; fileRef = 8DC17A502826C4AF00CC9144 /* BookCell.swift */; };
		8DC17A53282966C700CC9144 /* NewBookViewController.swift in Sources */ = {isa = PBXBuildFile; fileRef = 8DC17A52282966C700CC9144 /* NewBookViewController.swift */; };
		8DC17A55282978D900CC9144 /* LibraryHeaderView.xib in Resources */ = {isa = PBXBuildFile; fileRef = 8DC17A54282978D900CC9144 /* LibraryHeaderView.xib */; };
/* End PBXBuildFile section */

/* Begin PBXContainerItemProxy section */
		8DC17A2B28240A0600CC9144 /* PBXContainerItemProxy */ = {
			isa = PBXContainerItemProxy;
			containerPortal = 8DC17A0C28240A0400CC9144 /* Project object */;
			proxyType = 1;
			remoteGlobalIDString = 8DC17A1328240A0400CC9144;
			remoteInfo = ReadMeApp;
		};
		8DC17A3528240A0600CC9144 /* PBXContainerItemProxy */ = {
			isa = PBXContainerItemProxy;
			containerPortal = 8DC17A0C28240A0400CC9144 /* Project object */;
			proxyType = 1;
			remoteGlobalIDString = 8DC17A1328240A0400CC9144;
			remoteInfo = ReadMeApp;
		};
/* End PBXContainerItemProxy section */

/* Begin PBXFileReference section */
		8DC17A1428240A0400CC9144 /* ReadMeApp.app */ = {isa = PBXFileReference; explicitFileType = wrapper.application; includeInIndex = 0; path = ReadMeApp.app; sourceTree = BUILT_PRODUCTS_DIR; };
		8DC17A1728240A0400CC9144 /* AppDelegate.swift */ = {isa = PBXFileReference; lastKnownFileType = sourcecode.swift; path = AppDelegate.swift; sourceTree = "<group>"; };
		8DC17A1928240A0400CC9144 /* SceneDelegate.swift */ = {isa = PBXFileReference; lastKnownFileType = sourcecode.swift; path = SceneDelegate.swift; sourceTree = "<group>"; };
		8DC17A1B28240A0400CC9144 /* LibraryViewController.swift */ = {isa = PBXFileReference; lastKnownFileType = sourcecode.swift; path = LibraryViewController.swift; sourceTree = "<group>"; };
		8DC17A1E28240A0400CC9144 /* Base */ = {isa = PBXFileReference; lastKnownFileType = file.storyboard; name = Base; path = Base.lproj/Main.storyboard; sourceTree = "<group>"; };
		8DC17A2028240A0600CC9144 /* Assets.xcassets */ = {isa = PBXFileReference; lastKnownFileType = folder.assetcatalog; path = Assets.xcassets; sourceTree = "<group>"; };
		8DC17A2328240A0600CC9144 /* Base */ = {isa = PBXFileReference; lastKnownFileType = file.storyboard; name = Base; path = Base.lproj/LaunchScreen.storyboard; sourceTree = "<group>"; };
		8DC17A2528240A0600CC9144 /* Info.plist */ = {isa = PBXFileReference; lastKnownFileType = text.plist.xml; path = Info.plist; sourceTree = "<group>"; };
		8DC17A2A28240A0600CC9144 /* ReadMeAppTests.xctest */ = {isa = PBXFileReference; explicitFileType = wrapper.cfbundle; includeInIndex = 0; path = ReadMeAppTests.xctest; sourceTree = BUILT_PRODUCTS_DIR; };
		8DC17A2E28240A0600CC9144 /* ReadMeAppTests.swift */ = {isa = PBXFileReference; lastKnownFileType = sourcecode.swift; path = ReadMeAppTests.swift; sourceTree = "<group>"; };
		8DC17A3428240A0600CC9144 /* ReadMeAppUITests.xctest */ = {isa = PBXFileReference; explicitFileType = wrapper.cfbundle; includeInIndex = 0; path = ReadMeAppUITests.xctest; sourceTree = BUILT_PRODUCTS_DIR; };
		8DC17A3828240A0600CC9144 /* ReadMeAppUITests.swift */ = {isa = PBXFileReference; lastKnownFileType = sourcecode.swift; path = ReadMeAppUITests.swift; sourceTree = "<group>"; };
		8DC17A3A28240A0600CC9144 /* ReadMeAppUITestsLaunchTests.swift */ = {isa = PBXFileReference; lastKnownFileType = sourcecode.swift; path = ReadMeAppUITestsLaunchTests.swift; sourceTree = "<group>"; };
		8DC17A4728240BCD00CC9144 /* Book.swift */ = {isa = PBXFileReference; lastKnownFileType = sourcecode.swift; path = Book.swift; sourceTree = "<group>"; };
		8DC17A4B282419AB00CC9144 /* DetailViewController.swift */ = {isa = PBXFileReference; lastKnownFileType = sourcecode.swift; path = DetailViewController.swift; sourceTree = "<group>"; };
		8DC17A4D28242BEB00CC9144 /* Library.swift */ = {isa = PBXFileReference; fileEncoding = 4; lastKnownFileType = sourcecode.swift; name = Library.swift; path = "../../../../Downloads/video-tv-materials-versions-5.1/06-reload-data/Library.swift"; sourceTree = "<group>"; };
		8DC17A502826C4AF00CC9144 /* BookCell.swift */ = {isa = PBXFileReference; lastKnownFileType = sourcecode.swift; path = BookCell.swift; sourceTree = "<group>"; };
		8DC17A52282966C700CC9144 /* NewBookViewController.swift */ = {isa = PBXFileReference; lastKnownFileType = sourcecode.swift; path = NewBookViewController.swift; sourceTree = "<group>"; };
		8DC17A54282978D900CC9144 /* LibraryHeaderView.xib */ = {isa = PBXFileReference; lastKnownFileType = file.xib; path = LibraryHeaderView.xib; sourceTree = "<group>"; };
/* End PBXFileReference section */

/* Begin PBXFrameworksBuildPhase section */
		8DC17A1128240A0400CC9144 /* Frameworks */ = {
			isa = PBXFrameworksBuildPhase;
			buildActionMask = 2147483647;
			files = (
			);
			runOnlyForDeploymentPostprocessing = 0;
		};
		8DC17A2728240A0600CC9144 /* Frameworks */ = {
			isa = PBXFrameworksBuildPhase;
			buildActionMask = 2147483647;
			files = (
			);
			runOnlyForDeploymentPostprocessing = 0;
		};
		8DC17A3128240A0600CC9144 /* Frameworks */ = {
			isa = PBXFrameworksBuildPhase;
			buildActionMask = 2147483647;
			files = (
			);
			runOnlyForDeploymentPostprocessing = 0;
		};
/* End PBXFrameworksBuildPhase section */

/* Begin PBXGroup section */
		8DC17A0B28240A0400CC9144 = {
			isa = PBXGroup;
			children = (
				8DC17A1628240A0400CC9144 /* ReadMeApp */,
				8DC17A2D28240A0600CC9144 /* ReadMeAppTests */,
				8DC17A3728240A0600CC9144 /* ReadMeAppUITests */,
				8DC17A1528240A0400CC9144 /* Products */,
			);
			sourceTree = "<group>";
		};
		8DC17A1528240A0400CC9144 /* Products */ = {
			isa = PBXGroup;
			children = (
				8DC17A1428240A0400CC9144 /* ReadMeApp.app */,
				8DC17A2A28240A0600CC9144 /* ReadMeAppTests.xctest */,
				8DC17A3428240A0600CC9144 /* ReadMeAppUITests.xctest */,
			);
			name = Products;
			sourceTree = "<group>";
		};
		8DC17A1628240A0400CC9144 /* ReadMeApp */ = {
			isa = PBXGroup;
			children = (
				8DC17A4F28242C1000CC9144 /* Controllers */,
				8DC17A1728240A0400CC9144 /* AppDelegate.swift */,
				8DC17A502826C4AF00CC9144 /* BookCell.swift */,
				8DC17A1928240A0400CC9144 /* SceneDelegate.swift */,
				8DC17A4D28242BEB00CC9144 /* Library.swift */,
				8DC17A4728240BCD00CC9144 /* Book.swift */,
				8DC17A1D28240A0400CC9144 /* Main.storyboard */,
				8DC17A2028240A0600CC9144 /* Assets.xcassets */,
				8DC17A2228240A0600CC9144 /* LaunchScreen.storyboard */,
				8DC17A2528240A0600CC9144 /* Info.plist */,
			);
			path = ReadMeApp;
			sourceTree = "<group>";
		};
		8DC17A2D28240A0600CC9144 /* ReadMeAppTests */ = {
			isa = PBXGroup;
			children = (
				8DC17A2E28240A0600CC9144 /* ReadMeAppTests.swift */,
			);
			path = ReadMeAppTests;
			sourceTree = "<group>";
		};
		8DC17A3728240A0600CC9144 /* ReadMeAppUITests */ = {
			isa = PBXGroup;
			children = (
				8DC17A3828240A0600CC9144 /* ReadMeAppUITests.swift */,
				8DC17A3A28240A0600CC9144 /* ReadMeAppUITestsLaunchTests.swift */,
			);
			path = ReadMeAppUITests;
			sourceTree = "<group>";
		};
		8DC17A4F28242C1000CC9144 /* Controllers */ = {
			isa = PBXGroup;
			children = (
				8DC17A1B28240A0400CC9144 /* LibraryViewController.swift */,
				8DC17A54282978D900CC9144 /* LibraryHeaderView.xib */,
				8DC17A4B282419AB00CC9144 /* DetailViewController.swift */,
				8DC17A52282966C700CC9144 /* NewBookViewController.swift */,
			);
			path = Controllers;
			sourceTree = "<group>";
		};
/* End PBXGroup section */

/* Begin PBXNativeTarget section */
		8DC17A1328240A0400CC9144 /* ReadMeApp */ = {
			isa = PBXNativeTarget;
			buildConfigurationList = 8DC17A3E28240A0600CC9144 /* Build configuration list for PBXNativeTarget "ReadMeApp" */;
			buildPhases = (
				8DC17A1028240A0400CC9144 /* Sources */,
				8DC17A1128240A0400CC9144 /* Frameworks */,
				8DC17A1228240A0400CC9144 /* Resources */,
			);
			buildRules = (
			);
			dependencies = (
			);
			name = ReadMeApp;
			productName = ReadMeApp;
			productReference = 8DC17A1428240A0400CC9144 /* ReadMeApp.app */;
			productType = "com.apple.product-type.application";
		};
		8DC17A2928240A0600CC9144 /* ReadMeAppTests */ = {
			isa = PBXNativeTarget;
			buildConfigurationList = 8DC17A4128240A0600CC9144 /* Build configuration list for PBXNativeTarget "ReadMeAppTests" */;
			buildPhases = (
				8DC17A2628240A0600CC9144 /* Sources */,
				8DC17A2728240A0600CC9144 /* Frameworks */,
				8DC17A2828240A0600CC9144 /* Resources */,
			);
			buildRules = (
			);
			dependencies = (
				8DC17A2C28240A0600CC9144 /* PBXTargetDependency */,
			);
			name = ReadMeAppTests;
			productName = ReadMeAppTests;
			productReference = 8DC17A2A28240A0600CC9144 /* ReadMeAppTests.xctest */;
			productType = "com.apple.product-type.bundle.unit-test";
		};
		8DC17A3328240A0600CC9144 /* ReadMeAppUITests */ = {
			isa = PBXNativeTarget;
			buildConfigurationList = 8DC17A4428240A0600CC9144 /* Build configuration list for PBXNativeTarget "ReadMeAppUITests" */;
			buildPhases = (
				8DC17A3028240A0600CC9144 /* Sources */,
				8DC17A3128240A0600CC9144 /* Frameworks */,
				8DC17A3228240A0600CC9144 /* Resources */,
			);
			buildRules = (
			);
			dependencies = (
				8DC17A3628240A0600CC9144 /* PBXTargetDependency */,
			);
			name = ReadMeAppUITests;
			productName = ReadMeAppUITests;
			productReference = 8DC17A3428240A0600CC9144 /* ReadMeAppUITests.xctest */;
			productType = "com.apple.product-type.bundle.ui-testing";
		};
/* End PBXNativeTarget section */

/* Begin PBXProject section */
		8DC17A0C28240A0400CC9144 /* Project object */ = {
			isa = PBXProject;
			attributes = {
				BuildIndependentTargetsInParallel = 1;
				LastSwiftUpdateCheck = 1330;
				LastUpgradeCheck = 1330;
				TargetAttributes = {
					8DC17A1328240A0400CC9144 = {
						CreatedOnToolsVersion = 13.3;
					};
					8DC17A2928240A0600CC9144 = {
						CreatedOnToolsVersion = 13.3;
						TestTargetID = 8DC17A1328240A0400CC9144;
					};
					8DC17A3328240A0600CC9144 = {
						CreatedOnToolsVersion = 13.3;
						TestTargetID = 8DC17A1328240A0400CC9144;
					};
				};
			};
			buildConfigurationList = 8DC17A0F28240A0400CC9144 /* Build configuration list for PBXProject "ReadMeApp" */;
			compatibilityVersion = "Xcode 13.0";
			developmentRegion = en;
			hasScannedForEncodings = 0;
			knownRegions = (
				en,
				Base,
			);
			mainGroup = 8DC17A0B28240A0400CC9144;
			productRefGroup = 8DC17A1528240A0400CC9144 /* Products */;
			projectDirPath = "";
			projectRoot = "";
			targets = (
				8DC17A1328240A0400CC9144 /* ReadMeApp */,
				8DC17A2928240A0600CC9144 /* ReadMeAppTests */,
				8DC17A3328240A0600CC9144 /* ReadMeAppUITests */,
			);
		};
/* End PBXProject section */

/* Begin PBXResourcesBuildPhase section */
		8DC17A1228240A0400CC9144 /* Resources */ = {
			isa = PBXResourcesBuildPhase;
			buildActionMask = 2147483647;
			files = (
				8DC17A2428240A0600CC9144 /* LaunchScreen.storyboard in Resources */,
				8DC17A2128240A0600CC9144 /* Assets.xcassets in Resources */,
				8DC17A1F28240A0400CC9144 /* Main.storyboard in Resources */,
				8DC17A55282978D900CC9144 /* LibraryHeaderView.xib in Resources */,
			);
			runOnlyForDeploymentPostprocessing = 0;
		};
		8DC17A2828240A0600CC9144 /* Resources */ = {
			isa = PBXResourcesBuildPhase;
			buildActionMask = 2147483647;
			files = (
			);
			runOnlyForDeploymentPostprocessing = 0;
		};
		8DC17A3228240A0600CC9144 /* Resources */ = {
			isa = PBXResourcesBuildPhase;
			buildActionMask = 2147483647;
			files = (
			);
			runOnlyForDeploymentPostprocessing = 0;
		};
/* End PBXResourcesBuildPhase section */

/* Begin PBXSourcesBuildPhase section */
		8DC17A1028240A0400CC9144 /* Sources */ = {
			isa = PBXSourcesBuildPhase;
			buildActionMask = 2147483647;
			files = (
				8DC17A4828240BCD00CC9144 /* Book.swift in Sources */,
				8DC17A4E28242BEB00CC9144 /* Library.swift in Sources */,
				8DC17A53282966C700CC9144 /* NewBookViewController.swift in Sources */,
				8DC17A1C28240A0400CC9144 /* LibraryViewController.swift in Sources */,
				8DC17A512826C4AF00CC9144 /* BookCell.swift in Sources */,
				8DC17A4C282419AB00CC9144 /* DetailViewController.swift in Sources */,
				8DC17A1828240A0400CC9144 /* AppDelegate.swift in Sources */,
				8DC17A1A28240A0400CC9144 /* SceneDelegate.swift in Sources */,
			);
			runOnlyForDeploymentPostprocessing = 0;
		};
		8DC17A2628240A0600CC9144 /* Sources */ = {
			isa = PBXSourcesBuildPhase;
			buildActionMask = 2147483647;
			files = (
				8DC17A2F28240A0600CC9144 /* ReadMeAppTests.swift in Sources */,
			);
			runOnlyForDeploymentPostprocessing = 0;
		};
		8DC17A3028240A0600CC9144 /* Sources */ = {
			isa = PBXSourcesBuildPhase;
			buildActionMask = 2147483647;
			files = (
				8DC17A3B28240A0600CC9144 /* ReadMeAppUITestsLaunchTests.swift in Sources */,
				8DC17A3928240A0600CC9144 /* ReadMeAppUITests.swift in Sources */,
			);
			runOnlyForDeploymentPostprocessing = 0;
		};
/* End PBXSourcesBuildPhase section */

/* Begin PBXTargetDependency section */
		8DC17A2C28240A0600CC9144 /* PBXTargetDependency */ = {
			isa = PBXTargetDependency;
			target = 8DC17A1328240A0400CC9144 /* ReadMeApp */;
			targetProxy = 8DC17A2B28240A0600CC9144 /* PBXContainerItemProxy */;
		};
		8DC17A3628240A0600CC9144 /* PBXTargetDependency */ = {
			isa = PBXTargetDependency;
			target = 8DC17A1328240A0400CC9144 /* ReadMeApp */;
			targetProxy = 8DC17A3528240A0600CC9144 /* PBXContainerItemProxy */;
		};
/* End PBXTargetDependency section */

/* Begin PBXVariantGroup section */
		8DC17A1D28240A0400CC9144 /* Main.storyboard */ = {
			isa = PBXVariantGroup;
			children = (
				8DC17A1E28240A0400CC9144 /* Base */,
			);
			name = Main.storyboard;
			sourceTree = "<group>";
		};
		8DC17A2228240A0600CC9144 /* LaunchScreen.storyboard */ = {
			isa = PBXVariantGroup;
			children = (
				8DC17A2328240A0600CC9144 /* Base */,
			);
			name = LaunchScreen.storyboard;
			sourceTree = "<group>";
		};
/* End PBXVariantGroup section */

/* Begin XCBuildConfiguration section */
		8DC17A3C28240A0600CC9144 /* Debug */ = {
			isa = XCBuildConfiguration;
			buildSettings = {
				ALWAYS_SEARCH_USER_PATHS = NO;
				CLANG_ANALYZER_NONNULL = YES;
				CLANG_ANALYZER_NUMBER_OBJECT_CONVERSION = YES_AGGRESSIVE;
				CLANG_CXX_LANGUAGE_STANDARD = "gnu++17";
				CLANG_ENABLE_MODULES = YES;
				CLANG_ENABLE_OBJC_ARC = YES;
				CLANG_ENABLE_OBJC_WEAK = YES;
				CLANG_WARN_BLOCK_CAPTURE_AUTORELEASING = YES;
				CLANG_WARN_BOOL_CONVERSION = YES;
				CLANG_WARN_COMMA = YES;
				CLANG_WARN_CONSTANT_CONVERSION = YES;
				CLANG_WARN_DEPRECATED_OBJC_IMPLEMENTATIONS = YES;
				CLANG_WARN_DIRECT_OBJC_ISA_USAGE = YES_ERROR;
				CLANG_WARN_DOCUMENTATION_COMMENTS = YES;
				CLANG_WARN_EMPTY_BODY = YES;
				CLANG_WARN_ENUM_CONVERSION = YES;
				CLANG_WARN_INFINITE_RECURSION = YES;
				CLANG_WARN_INT_CONVERSION = YES;
				CLANG_WARN_NON_LITERAL_NULL_CONVERSION = YES;
				CLANG_WARN_OBJC_IMPLICIT_RETAIN_SELF = YES;
				CLANG_WARN_OBJC_LITERAL_CONVERSION = YES;
				CLANG_WARN_OBJC_ROOT_CLASS = YES_ERROR;
				CLANG_WARN_QUOTED_INCLUDE_IN_FRAMEWORK_HEADER = YES;
				CLANG_WARN_RANGE_LOOP_ANALYSIS = YES;
				CLANG_WARN_STRICT_PROTOTYPES = YES;
				CLANG_WARN_SUSPICIOUS_MOVE = YES;
				CLANG_WARN_UNGUARDED_AVAILABILITY = YES_AGGRESSIVE;
				CLANG_WARN_UNREACHABLE_CODE = YES;
				CLANG_WARN__DUPLICATE_METHOD_MATCH = YES;
				COPY_PHASE_STRIP = NO;
				DEBUG_INFORMATION_FORMAT = dwarf;
				ENABLE_STRICT_OBJC_MSGSEND = YES;
				ENABLE_TESTABILITY = YES;
				GCC_C_LANGUAGE_STANDARD = gnu11;
				GCC_DYNAMIC_NO_PIC = NO;
				GCC_NO_COMMON_BLOCKS = YES;
				GCC_OPTIMIZATION_LEVEL = 0;
				GCC_PREPROCESSOR_DEFINITIONS = (
					"DEBUG=1",
					"$(inherited)",
				);
				GCC_WARN_64_TO_32_BIT_CONVERSION = YES;
				GCC_WARN_ABOUT_RETURN_TYPE = YES_ERROR;
				GCC_WARN_UNDECLARED_SELECTOR = YES;
				GCC_WARN_UNINITIALIZED_AUTOS = YES_AGGRESSIVE;
				GCC_WARN_UNUSED_FUNCTION = YES;
				GCC_WARN_UNUSED_VARIABLE = YES;
				IPHONEOS_DEPLOYMENT_TARGET = 15.4;
				MTL_ENABLE_DEBUG_INFO = INCLUDE_SOURCE;
				MTL_FAST_MATH = YES;
				ONLY_ACTIVE_ARCH = YES;
				SDKROOT = iphoneos;
				SWIFT_ACTIVE_COMPILATION_CONDITIONS = DEBUG;
				SWIFT_OPTIMIZATION_LEVEL = "-Onone";
			};
			name = Debug;
		};
		8DC17A3D28240A0600CC9144 /* Release */ = {
			isa = XCBuildConfiguration;
			buildSettings = {
				ALWAYS_SEARCH_USER_PATHS = NO;
				CLANG_ANALYZER_NONNULL = YES;
				CLANG_ANALYZER_NUMBER_OBJECT_CONVERSION = YES_AGGRESSIVE;
				CLANG_CXX_LANGUAGE_STANDARD = "gnu++17";
				CLANG_ENABLE_MODULES = YES;
				CLANG_ENABLE_OBJC_ARC = YES;
				CLANG_ENABLE_OBJC_WEAK = YES;
				CLANG_WARN_BLOCK_CAPTURE_AUTORELEASING = YES;
				CLANG_WARN_BOOL_CONVERSION = YES;
				CLANG_WARN_COMMA = YES;
				CLANG_WARN_CONSTANT_CONVERSION = YES;
				CLANG_WARN_DEPRECATED_OBJC_IMPLEMENTATIONS = YES;
				CLANG_WARN_DIRECT_OBJC_ISA_USAGE = YES_ERROR;
				CLANG_WARN_DOCUMENTATION_COMMENTS = YES;
				CLANG_WARN_EMPTY_BODY = YES;
				CLANG_WARN_ENUM_CONVERSION = YES;
				CLANG_WARN_INFINITE_RECURSION = YES;
				CLANG_WARN_INT_CONVERSION = YES;
				CLANG_WARN_NON_LITERAL_NULL_CONVERSION = YES;
				CLANG_WARN_OBJC_IMPLICIT_RETAIN_SELF = YES;
				CLANG_WARN_OBJC_LITERAL_CONVERSION = YES;
				CLANG_WARN_OBJC_ROOT_CLASS = YES_ERROR;
				CLANG_WARN_QUOTED_INCLUDE_IN_FRAMEWORK_HEADER = YES;
				CLANG_WARN_RANGE_LOOP_ANALYSIS = YES;
				CLANG_WARN_STRICT_PROTOTYPES = YES;
				CLANG_WARN_SUSPICIOUS_MOVE = YES;
				CLANG_WARN_UNGUARDED_AVAILABILITY = YES_AGGRESSIVE;
				CLANG_WARN_UNREACHABLE_CODE = YES;
				CLANG_WARN__DUPLICATE_METHOD_MATCH = YES;
				COPY_PHASE_STRIP = NO;
				DEBUG_INFORMATION_FORMAT = "dwarf-with-dsym";
				ENABLE_NS_ASSERTIONS = NO;
				ENABLE_STRICT_OBJC_MSGSEND = YES;
				GCC_C_LANGUAGE_STANDARD = gnu11;
				GCC_NO_COMMON_BLOCKS = YES;
				GCC_WARN_64_TO_32_BIT_CONVERSION = YES;
				GCC_WARN_ABOUT_RETURN_TYPE = YES_ERROR;
				GCC_WARN_UNDECLARED_SELECTOR = YES;
				GCC_WARN_UNINITIALIZED_AUTOS = YES_AGGRESSIVE;
				GCC_WARN_UNUSED_FUNCTION = YES;
				GCC_WARN_UNUSED_VARIABLE = YES;
				IPHONEOS_DEPLOYMENT_TARGET = 15.4;
				MTL_ENABLE_DEBUG_INFO = NO;
				MTL_FAST_MATH = YES;
				SDKROOT = iphoneos;
				SWIFT_COMPILATION_MODE = wholemodule;
				SWIFT_OPTIMIZATION_LEVEL = "-O";
				VALIDATE_PRODUCT = YES;
			};
			name = Release;
		};
		8DC17A3F28240A0600CC9144 /* Debug */ = {
			isa = XCBuildConfiguration;
			buildSettings = {
				ASSETCATALOG_COMPILER_APPICON_NAME = AppIcon;
				ASSETCATALOG_COMPILER_GLOBAL_ACCENT_COLOR_NAME = AccentColor;
				CODE_SIGN_STYLE = Automatic;
				CURRENT_PROJECT_VERSION = 1;
				GENERATE_INFOPLIST_FILE = YES;
				INFOPLIST_FILE = ReadMeApp/Info.plist;
				INFOPLIST_KEY_UIApplicationSupportsIndirectInputEvents = YES;
				INFOPLIST_KEY_UILaunchStoryboardName = LaunchScreen;
				INFOPLIST_KEY_UIMainStoryboardFile = Main;
				INFOPLIST_KEY_UISupportedInterfaceOrientations_iPad = "UIInterfaceOrientationPortrait UIInterfaceOrientationPortraitUpsideDown UIInterfaceOrientationLandscapeLeft UIInterfaceOrientationLandscapeRight";
				INFOPLIST_KEY_UISupportedInterfaceOrientations_iPhone = "UIInterfaceOrientationPortrait UIInterfaceOrientationLandscapeLeft UIInterfaceOrientationLandscapeRight";
				LD_RUNPATH_SEARCH_PATHS = (
					"$(inherited)",
					"@executable_path/Frameworks",
				);
				MARKETING_VERSION = 1.0;
				PRODUCT_BUNDLE_IDENTIFIER = "com.smule-intern.ReadMeApp";
				PRODUCT_NAME = "$(TARGET_NAME)";
				SWIFT_EMIT_LOC_STRINGS = YES;
				SWIFT_VERSION = 5.0;
				TARGETED_DEVICE_FAMILY = "1,2";
			};
			name = Debug;
		};
		8DC17A4028240A0600CC9144 /* Release */ = {
			isa = XCBuildConfiguration;
			buildSettings = {
				ASSETCATALOG_COMPILER_APPICON_NAME = AppIcon;
				ASSETCATALOG_COMPILER_GLOBAL_ACCENT_COLOR_NAME = AccentColor;
				CODE_SIGN_STYLE = Automatic;
				CURRENT_PROJECT_VERSION = 1;
				GENERATE_INFOPLIST_FILE = YES;
				INFOPLIST_FILE = ReadMeApp/Info.plist;
				INFOPLIST_KEY_UIApplicationSupportsIndirectInputEvents = YES;
				INFOPLIST_KEY_UILaunchStoryboardName = LaunchScreen;
				INFOPLIST_KEY_UIMainStoryboardFile = Main;
				INFOPLIST_KEY_UISupportedInterfaceOrientations_iPad = "UIInterfaceOrientationPortrait UIInterfaceOrientationPortraitUpsideDown UIInterfaceOrientationLandscapeLeft UIInterfaceOrientationLandscapeRight";
				INFOPLIST_KEY_UISupportedInterfaceOrientations_iPhone = "UIInterfaceOrientationPortrait UIInterfaceOrientationLandscapeLeft UIInterfaceOrientationLandscapeRight";
				LD_RUNPATH_SEARCH_PATHS = (
					"$(inherited)",
					"@executable_path/Frameworks",
				);
				MARKETING_VERSION = 1.0;
				PRODUCT_BUNDLE_IDENTIFIER = "com.smule-intern.ReadMeApp";
				PRODUCT_NAME = "$(TARGET_NAME)";
				SWIFT_EMIT_LOC_STRINGS = YES;
				SWIFT_VERSION = 5.0;
				TARGETED_DEVICE_FAMILY = "1,2";
			};
			name = Release;
		};
		8DC17A4228240A0600CC9144 /* Debug */ = {
			isa = XCBuildConfiguration;
			buildSettings = {
				ALWAYS_EMBED_SWIFT_STANDARD_LIBRARIES = YES;
				BUNDLE_LOADER = "$(TEST_HOST)";
				CODE_SIGN_STYLE = Automatic;
				CURRENT_PROJECT_VERSION = 1;
				GENERATE_INFOPLIST_FILE = YES;
				IPHONEOS_DEPLOYMENT_TARGET = 15.4;
				MARKETING_VERSION = 1.0;
				PRODUCT_BUNDLE_IDENTIFIER = "com.smule-intern.ReadMeAppTests";
				PRODUCT_NAME = "$(TARGET_NAME)";
				SWIFT_EMIT_LOC_STRINGS = NO;
				SWIFT_VERSION = 5.0;
				TARGETED_DEVICE_FAMILY = "1,2";
				TEST_HOST = "$(BUILT_PRODUCTS_DIR)/ReadMeApp.app/ReadMeApp";
			};
			name = Debug;
		};
		8DC17A4328240A0600CC9144 /* Release */ = {
			isa = XCBuildConfiguration;
			buildSettings = {
				ALWAYS_EMBED_SWIFT_STANDARD_LIBRARIES = YES;
				BUNDLE_LOADER = "$(TEST_HOST)";
				CODE_SIGN_STYLE = Automatic;
				CURRENT_PROJECT_VERSION = 1;
				GENERATE_INFOPLIST_FILE = YES;
				IPHONEOS_DEPLOYMENT_TARGET = 15.4;
				MARKETING_VERSION = 1.0;
				PRODUCT_BUNDLE_IDENTIFIER = "com.smule-intern.ReadMeAppTests";
				PRODUCT_NAME = "$(TARGET_NAME)";
				SWIFT_EMIT_LOC_STRINGS = NO;
				SWIFT_VERSION = 5.0;
				TARGETED_DEVICE_FAMILY = "1,2";
				TEST_HOST = "$(BUILT_PRODUCTS_DIR)/ReadMeApp.app/ReadMeApp";
			};
			name = Release;
		};
		8DC17A4528240A0600CC9144 /* Debug */ = {
			isa = XCBuildConfiguration;
			buildSettings = {
				ALWAYS_EMBED_SWIFT_STANDARD_LIBRARIES = YES;
				CODE_SIGN_STYLE = Automatic;
				CURRENT_PROJECT_VERSION = 1;
				GENERATE_INFOPLIST_FILE = YES;
				MARKETING_VERSION = 1.0;
				PRODUCT_BUNDLE_IDENTIFIER = "com.smule-intern.ReadMeAppUITests";
				PRODUCT_NAME = "$(TARGET_NAME)";
				SWIFT_EMIT_LOC_STRINGS = NO;
				SWIFT_VERSION = 5.0;
				TARGETED_DEVICE_FAMILY = "1,2";
				TEST_TARGET_NAME = ReadMeApp;
			};
			name = Debug;
		};
		8DC17A4628240A0600CC9144 /* Release */ = {
			isa = XCBuildConfiguration;
			buildSettings = {
				ALWAYS_EMBED_SWIFT_STANDARD_LIBRARIES = YES;
				CODE_SIGN_STYLE = Automatic;
				CURRENT_PROJECT_VERSION = 1;
				GENERATE_INFOPLIST_FILE = YES;
				MARKETING_VERSION = 1.0;
				PRODUCT_BUNDLE_IDENTIFIER = "com.smule-intern.ReadMeAppUITests";
				PRODUCT_NAME = "$(TARGET_NAME)";
				SWIFT_EMIT_LOC_STRINGS = NO;
				SWIFT_VERSION = 5.0;
				TARGETED_DEVICE_FAMILY = "1,2";
				TEST_TARGET_NAME = ReadMeApp;
			};
			name = Release;
		};
/* End XCBuildConfiguration section */

/* Begin XCConfigurationList section */
		8DC17A0F28240A0400CC9144 /* Build configuration list for PBXProject "ReadMeApp" */ = {
			isa = XCConfigurationList;
			buildConfigurations = (
				8DC17A3C28240A0600CC9144 /* Debug */,
				8DC17A3D28240A0600CC9144 /* Release */,
			);
			defaultConfigurationIsVisible = 0;
			defaultConfigurationName = Release;
		};
		8DC17A3E28240A0600CC9144 /* Build configuration list for PBXNativeTarget "ReadMeApp" */ = {
			isa = XCConfigurationList;
			buildConfigurations = (
				8DC17A3F28240A0600CC9144 /* Debug */,
				8DC17A4028240A0600CC9144 /* Release */,
			);
			defaultConfigurationIsVisible = 0;
			defaultConfigurationName = Release;
		};
		8DC17A4128240A0600CC9144 /* Build configuration list for PBXNativeTarget "ReadMeAppTests" */ = {
			isa = XCConfigurationList;
			buildConfigurations = (
				8DC17A4228240A0600CC9144 /* Debug */,
				8DC17A4328240A0600CC9144 /* Release */,
			);
			defaultConfigurationIsVisible = 0;
			defaultConfigurationName = Release;
		};
		8DC17A4428240A0600CC9144 /* Build configuration list for PBXNativeTarget "ReadMeAppUITests" */ = {
			isa = XCConfigurationList;
			buildConfigurations = (
				8DC17A4528240A0600CC9144 /* Debug */,
				8DC17A4628240A0600CC9144 /* Release */,
			);
			defaultConfigurationIsVisible = 0;
			defaultConfigurationName = Release;
		};
/* End XCConfigurationList section */
	};
	rootObject = 8DC17A0C28240A0400CC9144 /* Project object */;
}
